
Microsoft Visual Studio Solution File, Format Version 12.00
# Visual Studio 14
VisualStudioVersion = 14.0.24720.0
MinimumVisualStudioVersion = 10.0.40219.1
Project("{FAE04EC0-301F-11D3-BF4B-00C04F79EFBC}") = "EFWCoreLib.CoreFrame", "EFWCoreLib.CoreFrame\EFWCoreLib.CoreFrame.csproj", "{B3F41C24-1A64-4995-9398-812789014BD7}"
EndProject
Project("{FAE04EC0-301F-11D3-BF4B-00C04F79EFBC}") = "EFWCoreLib.WcfFrame", "EFWCoreLib.WcfFrame\EFWCoreLib.WcfFrame.csproj", "{CACAFDBF-9B17-403A-A3CA-C123A94E2C19}"
EndProject
Project("{FAE04EC0-301F-11D3-BF4B-00C04F79EFBC}") = "EFWCoreLib.TestFrame", "EFWCoreLib.TestFrame\EFWCoreLib.TestFrame.csproj", "{9A4255ED-D431-4BE9-8E47-97A6770B3329}"
EndProject
Project("{FAE04EC0-301F-11D3-BF4B-00C04F79EFBC}") = "efwplusServer", "efwplusServer\efwplusServer.csproj", "{AC7B7A34-EE66-4983-A968-C3A4B3B713AB}"
EndProject
Project("{2150E333-8FDC-42A3-9474-1A3956D46DE8}") = "Config", "Config", "{212D87AD-51FE-48C1-BC54-64D6663B4B1E}"
EndProject
Project("{2150E333-8FDC-42A3-9474-1A3956D46DE8}") = "Base", "Base", "{2F933E85-FF97-48AA-86D9-6EAD0C067BE6}"
	ProjectSection(SolutionItems) = preProject
		Output\efwplusBase.exe.config = Output\efwplusBase.exe.config
		Output\Config\EntLib.config = Output\Config\EntLib.config
		Output\Config\pluginsys.xml = Output\Config\pluginsys.xml
		Output\Config\PublishSubscibe.xml = Output\Config\PublishSubscibe.xml
		Output\Config\SettingConfig.xml = Output\Config\SettingConfig.xml
		Output\Config\TaskTiming.xml = Output\Config\TaskTiming.xml
	EndProjectSection
EndProject
Project("{2150E333-8FDC-42A3-9474-1A3956D46DE8}") = "ModulePlugin", "ModulePlugin", "{F00F794B-CA25-44B8-A0BC-706E0D570935}"
EndProject
Project("{FAE04EC0-301F-11D3-BF4B-00C04F79EFBC}") = "WinMainUIFrame", "ModulePlugin\WinMainUIFrame\WinMainUIFrame.csproj", "{D780897A-2D34-4830-B98E-EED04DFC8ACF}"
EndProject
Project("{FAE04EC0-301F-11D3-BF4B-00C04F79EFBC}") = "Books_Wcf", "ModulePlugin\Books_Wcf\Books_Wcf.csproj", "{79168A48-52A6-4486-9CD1-C3E05F9BD94B}"
EndProject
Project("{FAE04EC0-301F-11D3-BF4B-00C04F79EFBC}") = "efwplusHosting", "WCFHosting\efwplusHosting.csproj", "{1D01D246-E368-4278-9108-7137A4C31A83}"
EndProject
Project("{2150E333-8FDC-42A3-9474-1A3956D46DE8}") = "Tools", "Tools", "{63F51231-566A-4212-9A11-7EE3DC2FA747}"
EndProject
Project("{FAE04EC0-301F-11D3-BF4B-00C04F79EFBC}") = "EntityCodeMaker", "Tools\EntityCodeMaker\EntityCodeMaker.csproj", "{D47CA617-EF8B-44BA-BDB6-4471507516EB}"
EndProject
Project("{FAE04EC0-301F-11D3-BF4B-00C04F79EFBC}") = "TestWcfPerformance", "Tools\TestWcfPerformance\TestWcfPerformance.csproj", "{518232EE-95AA-46B8-9752-942DDC299C3E}"
EndProject
Project("{FAE04EC0-301F-11D3-BF4B-00C04F79EFBC}") = "TestWcfService", "Tools\TestWcfService\TestWcfService.csproj", "{BFB656C6-754C-4E2D-AA9E-E1CB3C1947B7}"
EndProject
Project("{FAE04EC0-301F-11D3-BF4B-00C04F79EFBC}") = "efwplusBase", "efwplusBase\efwplusBase.csproj", "{BCCA9DEB-5E5E-4F82-ABBE-2F02042A6796}"
EndProject
Project("{FAE04EC0-301F-11D3-BF4B-00C04F79EFBC}") = "efwplusRoute", "efwplusRoute\efwplusRoute.csproj", "{70558B27-A3FE-4F93-8C21-7C10EAD2A655}"
EndProject
Project("{2150E333-8FDC-42A3-9474-1A3956D46DE8}") = "Route", "Route", "{8AD20073-66A5-48BF-BC40-C3B76DDC1119}"
	ProjectSection(SolutionItems) = preProject
		Output\efwplusRoute.exe.config = Output\efwplusRoute.exe.config
		Output\Config\RouterBill.xml = Output\Config\RouterBill.xml
	EndProjectSection
EndProject
Project("{2150E333-8FDC-42A3-9474-1A3956D46DE8}") = "Mongo", "Mongo", "{CEA1DF99-7924-4391-B543-11566D571334}"
	ProjectSection(SolutionItems) = preProject
		Output\Config\mongo.conf = Output\Config\mongo.conf
	EndProjectSection
EndProject
Project("{2150E333-8FDC-42A3-9474-1A3956D46DE8}") = "Plugin", "Plugin", "{0DF86357-92FE-42B9-BDD6-D0E0E50D874C}"
EndProject
Project("{2150E333-8FDC-42A3-9474-1A3956D46DE8}") = "Books_Wcf", "Books_Wcf", "{CB8A80F9-CF13-4F9E-9E1D-7E3A8B52825D}"
	ProjectSection(SolutionItems) = preProject
		Output\ModulePlugin\Books_Wcf\plugin.xml = Output\ModulePlugin\Books_Wcf\plugin.xml
	EndProjectSection
EndProject
Project("{2150E333-8FDC-42A3-9474-1A3956D46DE8}") = "WcfMainUIFrame", "WcfMainUIFrame", "{60A9B25E-F177-407F-A73C-374C94D15779}"
	ProjectSection(SolutionItems) = preProject
		Output\ModulePlugin\WcfMainUIFrame\plugin.xml = Output\ModulePlugin\WcfMainUIFrame\plugin.xml
	EndProjectSection
EndProject
Project("{FAE04EC0-301F-11D3-BF4B-00C04F79EFBC}") = "EFWCoreLib.ClientProxy", "EFWCoreLib.ClientProxy\EFWCoreLib.ClientProxy.csproj", "{73682EEF-9998-4E63-B737-F1A6EED5C21D}"
EndProject
Project("{FAE04EC0-301F-11D3-BF4B-00C04F79EFBC}") = "efwplusHttp", "efwplusHttp\efwplusHttp.csproj", "{534CCB41-8F33-470C-B6D7-B9A4986FD1E5}"
EndProject
Project("{2150E333-8FDC-42A3-9474-1A3956D46DE8}") = "Http", "Http", "{950BD9BB-7BD2-4FC5-81CE-A42BBB17E14A}"
	ProjectSection(SolutionItems) = preProject
		Output\efwplusHttp.exe.config = Output\efwplusHttp.exe.config
	EndProjectSection
EndProject
Global
	GlobalSection(SolutionConfigurationPlatforms) = preSolution
		Debug|Any CPU = Debug|Any CPU
		Debug|x86 = Debug|x86
		Release|Any CPU = Release|Any CPU
		Release|x86 = Release|x86
	EndGlobalSection
	GlobalSection(ProjectConfigurationPlatforms) = postSolution
		{B3F41C24-1A64-4995-9398-812789014BD7}.Debug|Any CPU.ActiveCfg = Debug|Any CPU
		{B3F41C24-1A64-4995-9398-812789014BD7}.Debug|Any CPU.Build.0 = Debug|Any CPU
		{B3F41C24-1A64-4995-9398-812789014BD7}.Debug|x86.ActiveCfg = Debug|Any CPU
		{B3F41C24-1A64-4995-9398-812789014BD7}.Debug|x86.Build.0 = Debug|Any CPU
		{B3F41C24-1A64-4995-9398-812789014BD7}.Release|Any CPU.ActiveCfg = Release|Any CPU
		{B3F41C24-1A64-4995-9398-812789014BD7}.Release|Any CPU.Build.0 = Release|Any CPU
		{B3F41C24-1A64-4995-9398-812789014BD7}.Release|x86.ActiveCfg = Release|Any CPU
		{B3F41C24-1A64-4995-9398-812789014BD7}.Release|x86.Build.0 = Release|Any CPU
		{CACAFDBF-9B17-403A-A3CA-C123A94E2C19}.Debug|Any CPU.ActiveCfg = Debug|Any CPU
		{CACAFDBF-9B17-403A-A3CA-C123A94E2C19}.Debug|Any CPU.Build.0 = Debug|Any CPU
		{CACAFDBF-9B17-403A-A3CA-C123A94E2C19}.Debug|x86.ActiveCfg = Debug|Any CPU
		{CACAFDBF-9B17-403A-A3CA-C123A94E2C19}.Debug|x86.Build.0 = Debug|Any CPU
		{CACAFDBF-9B17-403A-A3CA-C123A94E2C19}.Release|Any CPU.ActiveCfg = Release|Any CPU
		{CACAFDBF-9B17-403A-A3CA-C123A94E2C19}.Release|Any CPU.Build.0 = Release|Any CPU
		{CACAFDBF-9B17-403A-A3CA-C123A94E2C19}.Release|x86.ActiveCfg = Release|Any CPU
		{CACAFDBF-9B17-403A-A3CA-C123A94E2C19}.Release|x86.Build.0 = Release|Any CPU
		{9A4255ED-D431-4BE9-8E47-97A6770B3329}.Debug|Any CPU.ActiveCfg = Debug|Any CPU
		{9A4255ED-D431-4BE9-8E47-97A6770B3329}.Debug|Any CPU.Build.0 = Debug|Any CPU
		{9A4255ED-D431-4BE9-8E47-97A6770B3329}.Debug|x86.ActiveCfg = Debug|Any CPU
		{9A4255ED-D431-4BE9-8E47-97A6770B3329}.Debug|x86.Build.0 = Debug|Any CPU
		{9A4255ED-D431-4BE9-8E47-97A6770B3329}.Release|Any CPU.ActiveCfg = Release|Any CPU
		{9A4255ED-D431-4BE9-8E47-97A6770B3329}.Release|Any CPU.Build.0 = Release|Any CPU
		{9A4255ED-D431-4BE9-8E47-97A6770B3329}.Release|x86.ActiveCfg = Release|Any CPU
		{9A4255ED-D431-4BE9-8E47-97A6770B3329}.Release|x86.Build.0 = Release|Any CPU
		{AC7B7A34-EE66-4983-A968-C3A4B3B713AB}.Debug|Any CPU.ActiveCfg = Debug|Any CPU
		{AC7B7A34-EE66-4983-A968-C3A4B3B713AB}.Debug|Any CPU.Build.0 = Debug|Any CPU
		{AC7B7A34-EE66-4983-A968-C3A4B3B713AB}.Debug|x86.ActiveCfg = Debug|Any CPU
		{AC7B7A34-EE66-4983-A968-C3A4B3B713AB}.Debug|x86.Build.0 = Debug|Any CPU
		{AC7B7A34-EE66-4983-A968-C3A4B3B713AB}.Release|Any CPU.ActiveCfg = Release|Any CPU
		{AC7B7A34-EE66-4983-A968-C3A4B3B713AB}.Release|Any CPU.Build.0 = Release|Any CPU
		{AC7B7A34-EE66-4983-A968-C3A4B3B713AB}.Release|x86.ActiveCfg = Release|Any CPU
		{AC7B7A34-EE66-4983-A968-C3A4B3B713AB}.Release|x86.Build.0 = Release|Any CPU
		{D780897A-2D34-4830-B98E-EED04DFC8ACF}.Debug|Any CPU.ActiveCfg = Debug|Any CPU
		{D780897A-2D34-4830-B98E-EED04DFC8ACF}.Debug|Any CPU.Build.0 = Debug|Any CPU
		{D780897A-2D34-4830-B98E-EED04DFC8ACF}.Debug|x86.ActiveCfg = Debug|x86
		{D780897A-2D34-4830-B98E-EED04DFC8ACF}.Debug|x86.Build.0 = Debug|x86
		{D780897A-2D34-4830-B98E-EED04DFC8ACF}.Release|Any CPU.ActiveCfg = Release|Any CPU
		{D780897A-2D34-4830-B98E-EED04DFC8ACF}.Release|Any CPU.Build.0 = Release|Any CPU
		{D780897A-2D34-4830-B98E-EED04DFC8ACF}.Release|x86.ActiveCfg = Release|x86
		{D780897A-2D34-4830-B98E-EED04DFC8ACF}.Release|x86.Build.0 = Release|x86
		{79168A48-52A6-4486-9CD1-C3E05F9BD94B}.Debug|Any CPU.ActiveCfg = Debug|Any CPU
		{79168A48-52A6-4486-9CD1-C3E05F9BD94B}.Debug|Any CPU.Build.0 = Debug|Any CPU
		{79168A48-52A6-4486-9CD1-C3E05F9BD94B}.Debug|x86.ActiveCfg = Debug|x86
		{79168A48-52A6-4486-9CD1-C3E05F9BD94B}.Debug|x86.Build.0 = Debug|x86
		{79168A48-52A6-4486-9CD1-C3E05F9BD94B}.Release|Any CPU.ActiveCfg = Release|Any CPU
		{79168A48-52A6-4486-9CD1-C3E05F9BD94B}.Release|Any CPU.Build.0 = Release|Any CPU
		{79168A48-52A6-4486-9CD1-C3E05F9BD94B}.Release|x86.ActiveCfg = Release|x86
		{79168A48-52A6-4486-9CD1-C3E05F9BD94B}.Release|x86.Build.0 = Release|x86
		{1D01D246-E368-4278-9108-7137A4C31A83}.Debug|Any CPU.ActiveCfg = Debug|Any CPU
		{1D01D246-E368-4278-9108-7137A4C31A83}.Debug|Any CPU.Build.0 = Debug|Any CPU
		{1D01D246-E368-4278-9108-7137A4C31A83}.Debug|x86.ActiveCfg = Debug|Any CPU
		{1D01D246-E368-4278-9108-7137A4C31A83}.Debug|x86.Build.0 = Debug|Any CPU
		{1D01D246-E368-4278-9108-7137A4C31A83}.Release|Any CPU.ActiveCfg = Release|Any CPU
		{1D01D246-E368-4278-9108-7137A4C31A83}.Release|Any CPU.Build.0 = Release|Any CPU
		{1D01D246-E368-4278-9108-7137A4C31A83}.Release|x86.ActiveCfg = Release|Any CPU
		{1D01D246-E368-4278-9108-7137A4C31A83}.Release|x86.Build.0 = Release|Any CPU
		{D47CA617-EF8B-44BA-BDB6-4471507516EB}.Debug|Any CPU.ActiveCfg = Debug|Any CPU
		{D47CA617-EF8B-44BA-BDB6-4471507516EB}.Debug|Any CPU.Build.0 = Debug|Any CPU
		{D47CA617-EF8B-44BA-BDB6-4471507516EB}.Debug|x86.ActiveCfg = Debug|x86
		{D47CA617-EF8B-44BA-BDB6-4471507516EB}.Debug|x86.Build.0 = Debug|x86
		{D47CA617-EF8B-44BA-BDB6-4471507516EB}.Release|Any CPU.ActiveCfg = Release|Any CPU
		{D47CA617-EF8B-44BA-BDB6-4471507516EB}.Release|Any CPU.Build.0 = Release|Any CPU
		{D47CA617-EF8B-44BA-BDB6-4471507516EB}.Release|x86.ActiveCfg = Release|x86
		{D47CA617-EF8B-44BA-BDB6-4471507516EB}.Release|x86.Build.0 = Release|x86
		{518232EE-95AA-46B8-9752-942DDC299C3E}.Debug|Any CPU.ActiveCfg = Debug|Any CPU
		{518232EE-95AA-46B8-9752-942DDC299C3E}.Debug|Any CPU.Build.0 = Debug|Any CPU
		{518232EE-95AA-46B8-9752-942DDC299C3E}.Debug|x86.ActiveCfg = Debug|Any CPU
		{518232EE-95AA-46B8-9752-942DDC299C3E}.Debug|x86.Build.0 = Debug|Any CPU
		{518232EE-95AA-46B8-9752-942DDC299C3E}.Release|Any CPU.ActiveCfg = Release|Any CPU
		{518232EE-95AA-46B8-9752-942DDC299C3E}.Release|Any CPU.Build.0 = Release|Any CPU
		{518232EE-95AA-46B8-9752-942DDC299C3E}.Release|x86.ActiveCfg = Release|Any CPU
		{518232EE-95AA-46B8-9752-942DDC299C3E}.Release|x86.Build.0 = Release|Any CPU
		{BFB656C6-754C-4E2D-AA9E-E1CB3C1947B7}.Debug|Any CPU.ActiveCfg = Debug|Any CPU
		{BFB656C6-754C-4E2D-AA9E-E1CB3C1947B7}.Debug|Any CPU.Build.0 = Debug|Any CPU
		{BFB656C6-754C-4E2D-AA9E-E1CB3C1947B7}.Debug|x86.ActiveCfg = Debug|Any CPU
		{BFB656C6-754C-4E2D-AA9E-E1CB3C1947B7}.Debug|x86.Build.0 = Debug|Any CPU
		{BFB656C6-754C-4E2D-AA9E-E1CB3C1947B7}.Release|Any CPU.ActiveCfg = Release|Any CPU
		{BFB656C6-754C-4E2D-AA9E-E1CB3C1947B7}.Release|Any CPU.Build.0 = Release|Any CPU
		{BFB656C6-754C-4E2D-AA9E-E1CB3C1947B7}.Release|x86.ActiveCfg = Release|Any CPU
		{BFB656C6-754C-4E2D-AA9E-E1CB3C1947B7}.Release|x86.Build.0 = Release|Any CPU
		{BCCA9DEB-5E5E-4F82-ABBE-2F02042A6796}.Debug|Any CPU.ActiveCfg = Debug|Any CPU
		{BCCA9DEB-5E5E-4F82-ABBE-2F02042A6796}.Debug|Any CPU.Build.0 = Debug|Any CPU
		{BCCA9DEB-5E5E-4F82-ABBE-2F02042A6796}.Debug|x86.ActiveCfg = Debug|Any CPU
		{BCCA9DEB-5E5E-4F82-ABBE-2F02042A6796}.Debug|x86.Build.0 = Debug|Any CPU
		{BCCA9DEB-5E5E-4F82-ABBE-2F02042A6796}.Release|Any CPU.ActiveCfg = Release|Any CPU
		{BCCA9DEB-5E5E-4F82-ABBE-2F02042A6796}.Release|Any CPU.Build.0 = Release|Any CPU
		{BCCA9DEB-5E5E-4F82-ABBE-2F02042A6796}.Release|x86.ActiveCfg = Release|Any CPU
		{BCCA9DEB-5E5E-4F82-ABBE-2F02042A6796}.Release|x86.Build.0 = Release|Any CPU
		{70558B27-A3FE-4F93-8C21-7C10EAD2A655}.Debug|Any CPU.ActiveCfg = Debug|Any CPU
		{70558B27-A3FE-4F93-8C21-7C10EAD2A655}.Debug|Any CPU.Build.0 = Debug|Any CPU
		{70558B27-A3FE-4F93-8C21-7C10EAD2A655}.Debug|x86.ActiveCfg = Debug|Any CPU
		{70558B27-A3FE-4F93-8C21-7C10EAD2A655}.Debug|x86.Build.0 = Debug|Any CPU
		{70558B27-A3FE-4F93-8C21-7C10EAD2A655}.Release|Any CPU.ActiveCfg = Release|Any CPU
		{70558B27-A3FE-4F93-8C21-7C10EAD2A655}.Release|Any CPU.Build.0 = Release|Any CPU
		{70558B27-A3FE-4F93-8C21-7C10EAD2A655}.Release|x86.ActiveCfg = Release|Any CPU
		{70558B27-A3FE-4F93-8C21-7C10EAD2A655}.Release|x86.Build.0 = Release|Any CPU
		{73682EEF-9998-4E63-B737-F1A6EED5C21D}.Debug|Any CPU.ActiveCfg = Debug|Any CPU
		{73682EEF-9998-4E63-B737-F1A6EED5C21D}.Debug|Any CPU.Build.0 = Debug|Any CPU
		{73682EEF-9998-4E63-B737-F1A6EED5C21D}.Debug|x86.ActiveCfg = Debug|Any CPU
		{73682EEF-9998-4E63-B737-F1A6EED5C21D}.Debug|x86.Build.0 = Debug|Any CPU
		{73682EEF-9998-4E63-B737-F1A6EED5C21D}.Release|Any CPU.ActiveCfg = Release|Any CPU
		{73682EEF-9998-4E63-B737-F1A6EED5C21D}.Release|Any CPU.Build.0 = Release|Any CPU
		{73682EEF-9998-4E63-B737-F1A6EED5C21D}.Release|x86.ActiveCfg = Release|Any CPU
		{73682EEF-9998-4E63-B737-F1A6EED5C21D}.Release|x86.Build.0 = Release|Any CPU
		{534CCB41-8F33-470C-B6D7-B9A4986FD1E5}.Debug|Any CPU.ActiveCfg = Debug|Any CPU
		{534CCB41-8F33-470C-B6D7-B9A4986FD1E5}.Debug|Any CPU.Build.0 = Debug|Any CPU
		{534CCB41-8F33-470C-B6D7-B9A4986FD1E5}.Debug|x86.ActiveCfg = Debug|Any CPU
		{534CCB41-8F33-470C-B6D7-B9A4986FD1E5}.Debug|x86.Build.0 = Debug|Any CPU
		{534CCB41-8F33-470C-B6D7-B9A4986FD1E5}.Release|Any CPU.ActiveCfg = Release|Any CPU
		{534CCB41-8F33-470C-B6D7-B9A4986FD1E5}.Release|Any CPU.Build.0 = Release|Any CPU
		{534CCB41-8F33-470C-B6D7-B9A4986FD1E5}.Release|x86.ActiveCfg = Release|Any CPU
		{534CCB41-8F33-470C-B6D7-B9A4986FD1E5}.Release|x86.Build.0 = Release|Any CPU
	EndGlobalSection
	GlobalSection(SolutionProperties) = preSolution
		HideSolutionNode = FALSE
	EndGlobalSection
	GlobalSection(NestedProjects) = preSolution
		{2F933E85-FF97-48AA-86D9-6EAD0C067BE6} = {212D87AD-51FE-48C1-BC54-64D6663B4B1E}
		{D780897A-2D34-4830-B98E-EED04DFC8ACF} = {F00F794B-CA25-44B8-A0BC-706E0D570935}
		{79168A48-52A6-4486-9CD1-C3E05F9BD94B} = {F00F794B-CA25-44B8-A0BC-706E0D570935}
		{D47CA617-EF8B-44BA-BDB6-4471507516EB} = {63F51231-566A-4212-9A11-7EE3DC2FA747}
		{518232EE-95AA-46B8-9752-942DDC299C3E} = {63F51231-566A-4212-9A11-7EE3DC2FA747}
		{BFB656C6-754C-4E2D-AA9E-E1CB3C1947B7} = {63F51231-566A-4212-9A11-7EE3DC2FA747}
		{8AD20073-66A5-48BF-BC40-C3B76DDC1119} = {212D87AD-51FE-48C1-BC54-64D6663B4B1E}
		{CEA1DF99-7924-4391-B543-11566D571334} = {212D87AD-51FE-48C1-BC54-64D6663B4B1E}
		{0DF86357-92FE-42B9-BDD6-D0E0E50D874C} = {212D87AD-51FE-48C1-BC54-64D6663B4B1E}
		{CB8A80F9-CF13-4F9E-9E1D-7E3A8B52825D} = {0DF86357-92FE-42B9-BDD6-D0E0E50D874C}
		{60A9B25E-F177-407F-A73C-374C94D15779} = {0DF86357-92FE-42B9-BDD6-D0E0E50D874C}
		{950BD9BB-7BD2-4FC5-81CE-A42BBB17E14A} = {212D87AD-51FE-48C1-BC54-64D6663B4B1E}
	EndGlobalSection
EndGlobal
